
Microsoft Visual Studio Solution File, Format Version 12.00
# Visual Studio Version 17
VisualStudioVersion = 17.5.33414.496
MinimumVisualStudioVersion = 10.0.40219.1
Project("{FAE04EC0-301F-11D3-BF4B-00C04F79EFBC}") = "BasicThreading", "BasicThreading\BasicThreading.csproj", "{EF01D94C-B8F0-43EE-B3F6-D727AFC5A0CA}"
EndProject
Global
	GlobalSection(SolutionConfigurationPlatforms) = preSolution
		Debug|Any CPU = Debug|Any CPU
		Release|Any CPU = Release|Any CPU
	EndGlobalSection
	GlobalSection(ProjectConfigurationPlatforms) = postSolution
		{EF01D94C-B8F0-43EE-B3F6-D727AFC5A0CA}.Debug|Any CPU.ActiveCfg = Debug|Any CPU
		{EF01D94C-B8F0-43EE-B3F6-D727AFC5A0CA}.Debug|Any CPU.Build.0 = Debug|Any CPU
		{EF01D94C-B8F0-43EE-B3F6-D727AFC5A0CA}.Release|Any CPU.ActiveCfg = Release|Any CPU
		{EF01D94C-B8F0-43EE-B3F6-D727AFC5A0CA}.Release|Any CPU.Build.0 = Release|Any CPU
	EndGlobalSection
	GlobalSection(SolutionProperties) = preSolution
		HideSolutionNode = FALSE
	EndGlobalSection
	GlobalSection(ExtensibilityGlobals) = postSolution
		SolutionGuid = {032A906F-D555-4B09-82F0-C5D950597B65}
	EndGlobalSection
EndGlobal
